
Microsoft Visual Studio Solution File, Format Version 12.00
# Visual Studio 2012
Project("{FAE04EC0-301F-11D3-BF4B-00C04F79EFBC}") = "PdfImageExtractor", "PdfImageExtractor\PdfImageExtractor.csproj", "{3CB7249A-E05D-4839-84AE-BB2DA68FFCCE}"
EndProject
Global
	GlobalSection(SolutionConfigurationPlatforms) = preSolution
		Debug|Any CPU = Debug|Any CPU
		Release|Any CPU = Release|Any CPU
	EndGlobalSection
	GlobalSection(ProjectConfigurationPlatforms) = postSolution
		{3CB7249A-E05D-4839-84AE-BB2DA68FFCCE}.Debug|Any CPU.ActiveCfg = Debug|Any CPU
		{3CB7249A-E05D-4839-84AE-BB2DA68FFCCE}.Debug|Any CPU.Build.0 = Debug|Any CPU
		{3CB7249A-E05D-4839-84AE-BB2DA68FFCCE}.Release|Any CPU.ActiveCfg = Release|Any CPU
		{3CB7249A-E05D-4839-84AE-BB2DA68FFCCE}.Release|Any CPU.Build.0 = Release|Any CPU
	EndGlobalSection
	GlobalSection(SolutionProperties) = preSolution
		HideSolutionNode = FALSE
	EndGlobalSection
EndGlobal
